
Microsoft Visual Studio Solution File, Format Version 12.00
# Visual Studio Version 17
VisualStudioVersion = 17.1.32210.238
MinimumVisualStudioVersion = 10.0.40219.1
Project("{9A19103F-16F7-4668-BE54-9A1E7A4F7556}") = "ElancoUI", "ElancoUI\ElancoUI.csproj", "{D41DD1BA-B7FB-42BA-A36F-997513129F71}"
EndProject
Project("{9A19103F-16F7-4668-BE54-9A1E7A4F7556}") = "ElancoLibrary", "ElancoLibrary\ElancoLibrary.csproj", "{E5EDDCBC-E2AD-4BDD-8818-D08D82122F16}"
EndProject
Project("{00D1A9C2-B5F0-4AF3-8072-F6C62B433612}") = "ElancoData", "ElancoData\ElancoData.sqlproj", "{06896722-023B-44E2-A6AF-A46D0EC206DA}"
EndProject
Project("{9A19103F-16F7-4668-BE54-9A1E7A4F7556}") = "ElancoLibrary.Tests", "ElancoLibrary.Tests\ElancoLibrary.Tests.csproj", "{D112AECC-424B-429E-9CA3-E12DA9522FBA}"
EndProject
Project("{9A19103F-16F7-4668-BE54-9A1E7A4F7556}") = "ElancoUI.Tests", "ElancoUI.Tests\ElancoUI.Tests.csproj", "{83155FBA-C43B-44C9-93D2-21A3FB675FCE}"
EndProject
Global
	GlobalSection(SolutionConfigurationPlatforms) = preSolution
		Debug|Any CPU = Debug|Any CPU
		Release|Any CPU = Release|Any CPU
	EndGlobalSection
	GlobalSection(ProjectConfigurationPlatforms) = postSolution
		{D41DD1BA-B7FB-42BA-A36F-997513129F71}.Debug|Any CPU.ActiveCfg = Debug|Any CPU
		{D41DD1BA-B7FB-42BA-A36F-997513129F71}.Debug|Any CPU.Build.0 = Debug|Any CPU
		{D41DD1BA-B7FB-42BA-A36F-997513129F71}.Release|Any CPU.ActiveCfg = Release|Any CPU
		{D41DD1BA-B7FB-42BA-A36F-997513129F71}.Release|Any CPU.Build.0 = Release|Any CPU
		{E5EDDCBC-E2AD-4BDD-8818-D08D82122F16}.Debug|Any CPU.ActiveCfg = Debug|Any CPU
		{E5EDDCBC-E2AD-4BDD-8818-D08D82122F16}.Debug|Any CPU.Build.0 = Debug|Any CPU
		{E5EDDCBC-E2AD-4BDD-8818-D08D82122F16}.Release|Any CPU.ActiveCfg = Release|Any CPU
		{E5EDDCBC-E2AD-4BDD-8818-D08D82122F16}.Release|Any CPU.Build.0 = Release|Any CPU
		{06896722-023B-44E2-A6AF-A46D0EC206DA}.Debug|Any CPU.ActiveCfg = Debug|Any CPU
		{06896722-023B-44E2-A6AF-A46D0EC206DA}.Debug|Any CPU.Build.0 = Debug|Any CPU
		{06896722-023B-44E2-A6AF-A46D0EC206DA}.Debug|Any CPU.Deploy.0 = Debug|Any CPU
		{06896722-023B-44E2-A6AF-A46D0EC206DA}.Release|Any CPU.ActiveCfg = Release|Any CPU
		{06896722-023B-44E2-A6AF-A46D0EC206DA}.Release|Any CPU.Build.0 = Release|Any CPU
		{06896722-023B-44E2-A6AF-A46D0EC206DA}.Release|Any CPU.Deploy.0 = Release|Any CPU
		{D112AECC-424B-429E-9CA3-E12DA9522FBA}.Debug|Any CPU.ActiveCfg = Debug|Any CPU
		{D112AECC-424B-429E-9CA3-E12DA9522FBA}.Debug|Any CPU.Build.0 = Debug|Any CPU
		{D112AECC-424B-429E-9CA3-E12DA9522FBA}.Release|Any CPU.ActiveCfg = Release|Any CPU
		{D112AECC-424B-429E-9CA3-E12DA9522FBA}.Release|Any CPU.Build.0 = Release|Any CPU
		{83155FBA-C43B-44C9-93D2-21A3FB675FCE}.Debug|Any CPU.ActiveCfg = Debug|Any CPU
		{83155FBA-C43B-44C9-93D2-21A3FB675FCE}.Debug|Any CPU.Build.0 = Debug|Any CPU
		{83155FBA-C43B-44C9-93D2-21A3FB675FCE}.Release|Any CPU.ActiveCfg = Release|Any CPU
		{83155FBA-C43B-44C9-93D2-21A3FB675FCE}.Release|Any CPU.Build.0 = Release|Any CPU
	EndGlobalSection
	GlobalSection(SolutionProperties) = preSolution
		HideSolutionNode = FALSE
	EndGlobalSection
	GlobalSection(ExtensibilityGlobals) = postSolution
		SolutionGuid = {53762ACF-D903-4A5C-B6A4-05658FEA1525}
	EndGlobalSection
EndGlobal
