
Microsoft Visual Studio Solution File, Format Version 12.00
# Visual Studio Version 17
VisualStudioVersion = 17.0.32014.148
MinimumVisualStudioVersion = 10.0.40219.1
Project("{FAE04EC0-301F-11D3-BF4B-00C04F79EFBC}") = "ElancoUI", "ElancoUI\ElancoUI.csproj", "{B94EECD4-7C48-4408-9E3C-295A0A4412B3}"
EndProject
Global
	GlobalSection(SolutionConfigurationPlatforms) = preSolution
		Debug|Any CPU = Debug|Any CPU
		Release|Any CPU = Release|Any CPU
	EndGlobalSection
	GlobalSection(ProjectConfigurationPlatforms) = postSolution
		{B94EECD4-7C48-4408-9E3C-295A0A4412B3}.Debug|Any CPU.ActiveCfg = Debug|Any CPU
		{B94EECD4-7C48-4408-9E3C-295A0A4412B3}.Debug|Any CPU.Build.0 = Debug|Any CPU
		{B94EECD4-7C48-4408-9E3C-295A0A4412B3}.Release|Any CPU.ActiveCfg = Release|Any CPU
		{B94EECD4-7C48-4408-9E3C-295A0A4412B3}.Release|Any CPU.Build.0 = Release|Any CPU
	EndGlobalSection
	GlobalSection(SolutionProperties) = preSolution
		HideSolutionNode = FALSE
	EndGlobalSection
	GlobalSection(ExtensibilityGlobals) = postSolution
		SolutionGuid = {EA1CC1B0-B86E-4DC9-B01C-C2A26D00604C}
	EndGlobalSection
EndGlobal
