
Microsoft Visual Studio Solution File, Format Version 12.00
# Visual Studio Version 17
VisualStudioVersion = 17.0.32014.148
MinimumVisualStudioVersion = 10.0.40219.1
Project("{FAE04EC0-301F-11D3-BF4B-00C04F79EFBC}") = "ElancoUI", "ElancoUI\ElancoUI.csproj", "{A5150EA3-F89C-4D98-91DF-09BDE3C40338}"
EndProject
Global
	GlobalSection(SolutionConfigurationPlatforms) = preSolution
		Debug|Any CPU = Debug|Any CPU
		Release|Any CPU = Release|Any CPU
	EndGlobalSection
	GlobalSection(ProjectConfigurationPlatforms) = postSolution
		{A5150EA3-F89C-4D98-91DF-09BDE3C40338}.Debug|Any CPU.ActiveCfg = Debug|Any CPU
		{A5150EA3-F89C-4D98-91DF-09BDE3C40338}.Debug|Any CPU.Build.0 = Debug|Any CPU
		{A5150EA3-F89C-4D98-91DF-09BDE3C40338}.Release|Any CPU.ActiveCfg = Release|Any CPU
		{A5150EA3-F89C-4D98-91DF-09BDE3C40338}.Release|Any CPU.Build.0 = Release|Any CPU
	EndGlobalSection
	GlobalSection(SolutionProperties) = preSolution
		HideSolutionNode = FALSE
	EndGlobalSection
	GlobalSection(ExtensibilityGlobals) = postSolution
		SolutionGuid = {759372F1-DA2B-47F6-AD0B-DF04BE038621}
	EndGlobalSection
EndGlobal
